
Microsoft Visual Studio Solution File, Format Version 12.00
Project("{FAE04EC0-301F-11D3-BF4B-00C04F79EFBC}") = "ModelParserApp", "ModelParserApp\ModelParserApp.csproj", "{8515BDD0-19C2-414E-9F6D-58B3D2B16118}"
EndProject
Project("{FAE04EC0-301F-11D3-BF4B-00C04F79EFBC}") = "ModelParserWebApp", "ModelParserWebApp\ModelParserWebApp.csproj", "{4DA93BE9-1DC1-4815-A65C-21CA135FF6C1}"
EndProject
Global
	GlobalSection(SolutionConfigurationPlatforms) = preSolution
		Debug|Any CPU = Debug|Any CPU
		Release|Any CPU = Release|Any CPU
	EndGlobalSection
	GlobalSection(ProjectConfigurationPlatforms) = postSolution
		{8515BDD0-19C2-414E-9F6D-58B3D2B16118}.Debug|Any CPU.ActiveCfg = Debug|Any CPU
		{8515BDD0-19C2-414E-9F6D-58B3D2B16118}.Debug|Any CPU.Build.0 = Debug|Any CPU
		{8515BDD0-19C2-414E-9F6D-58B3D2B16118}.Release|Any CPU.ActiveCfg = Release|Any CPU
		{8515BDD0-19C2-414E-9F6D-58B3D2B16118}.Release|Any CPU.Build.0 = Release|Any CPU
		{4DA93BE9-1DC1-4815-A65C-21CA135FF6C1}.Debug|Any CPU.ActiveCfg = Debug|Any CPU
		{4DA93BE9-1DC1-4815-A65C-21CA135FF6C1}.Debug|Any CPU.Build.0 = Debug|Any CPU
		{4DA93BE9-1DC1-4815-A65C-21CA135FF6C1}.Release|Any CPU.ActiveCfg = Release|Any CPU
		{4DA93BE9-1DC1-4815-A65C-21CA135FF6C1}.Release|Any CPU.Build.0 = Release|Any CPU
	EndGlobalSection
EndGlobal
